
Microsoft Visual Studio Solution File, Format Version 12.00
# Visual Studio Version 17
VisualStudioVersion = 17.13.35931.197 d17.13
MinimumVisualStudioVersion = 10.0.40219.1
Project("{FAE04EC0-301F-11D3-BF4B-00C04F79EFBC}") = "Presentation", "Presentation\Presentation.csproj", "{748C0DF6-441C-48BB-BBE6-4BA6ACD3617F}"
EndProject
Global
	GlobalSection(SolutionConfigurationPlatforms) = preSolution
		Debug|Any CPU = Debug|Any CPU
		Release|Any CPU = Release|Any CPU
	EndGlobalSection
	GlobalSection(ProjectConfigurationPlatforms) = postSolution
		{748C0DF6-441C-48BB-BBE6-4BA6ACD3617F}.Debug|Any CPU.ActiveCfg = Debug|Any CPU
		{748C0DF6-441C-48BB-BBE6-4BA6ACD3617F}.Debug|Any CPU.Build.0 = Debug|Any CPU
		{748C0DF6-441C-48BB-BBE6-4BA6ACD3617F}.Release|Any CPU.ActiveCfg = Release|Any CPU
		{748C0DF6-441C-48BB-BBE6-4BA6ACD3617F}.Release|Any CPU.Build.0 = Release|Any CPU
	EndGlobalSection
	GlobalSection(SolutionProperties) = preSolution
		HideSolutionNode = FALSE
	EndGlobalSection
	GlobalSection(ExtensibilityGlobals) = postSolution
		SolutionGuid = {167E387B-49F3-4878-988C-2456B301C2B3}
	EndGlobalSection
EndGlobal
